
Microsoft Visual Studio Solution File, Format Version 12.00
# Visual Studio 14
VisualStudioVersion = 14.0.25420.1
MinimumVisualStudioVersion = 10.0.40219.1
Project("{FAE04EC0-301F-11D3-BF4B-00C04F79EFBC}") = "cc_ahmedraza_zainbaig_phase3", "cc_ahmedraza_zainbaig_phase3\cc_ahmedraza_zainbaig_phase3.csproj", "{020F9C33-4ECF-49D0-9403-337E5FA9DED5}"
EndProject
Global
	GlobalSection(SolutionConfigurationPlatforms) = preSolution
		Debug|Any CPU = Debug|Any CPU
		Release|Any CPU = Release|Any CPU
	EndGlobalSection
	GlobalSection(ProjectConfigurationPlatforms) = postSolution
		{020F9C33-4ECF-49D0-9403-337E5FA9DED5}.Debug|Any CPU.ActiveCfg = Debug|Any CPU
		{020F9C33-4ECF-49D0-9403-337E5FA9DED5}.Debug|Any CPU.Build.0 = Debug|Any CPU
		{020F9C33-4ECF-49D0-9403-337E5FA9DED5}.Release|Any CPU.ActiveCfg = Release|Any CPU
		{020F9C33-4ECF-49D0-9403-337E5FA9DED5}.Release|Any CPU.Build.0 = Release|Any CPU
	EndGlobalSection
	GlobalSection(SolutionProperties) = preSolution
		HideSolutionNode = FALSE
	EndGlobalSection
EndGlobal
